
Microsoft Visual Studio Solution File, Format Version 12.00
# Visual Studio Version 16
VisualStudioVersion = 16.0.30804.86
MinimumVisualStudioVersion = 10.0.40219.1
Project("{8BC9CEB8-8B4A-11D0-8D11-00A0C91BC942}") = "2二维数组", "2二维数组.vcxproj", "{800D099E-804F-4409-A662-9D0C86DE1993}"
EndProject
Global
	GlobalSection(SolutionConfigurationPlatforms) = preSolution
		Debug|x64 = Debug|x64
		Debug|x86 = Debug|x86
		Release|x64 = Release|x64
		Release|x86 = Release|x86
	EndGlobalSection
	GlobalSection(ProjectConfigurationPlatforms) = postSolution
		{800D099E-804F-4409-A662-9D0C86DE1993}.Debug|x64.ActiveCfg = Debug|x64
		{800D099E-804F-4409-A662-9D0C86DE1993}.Debug|x64.Build.0 = Debug|x64
		{800D099E-804F-4409-A662-9D0C86DE1993}.Debug|x86.ActiveCfg = Debug|Win32
		{800D099E-804F-4409-A662-9D0C86DE1993}.Debug|x86.Build.0 = Debug|Win32
		{800D099E-804F-4409-A662-9D0C86DE1993}.Release|x64.ActiveCfg = Release|x64
		{800D099E-804F-4409-A662-9D0C86DE1993}.Release|x64.Build.0 = Release|x64
		{800D099E-804F-4409-A662-9D0C86DE1993}.Release|x86.ActiveCfg = Release|Win32
		{800D099E-804F-4409-A662-9D0C86DE1993}.Release|x86.Build.0 = Release|Win32
	EndGlobalSection
	GlobalSection(SolutionProperties) = preSolution
		HideSolutionNode = FALSE
	EndGlobalSection
	GlobalSection(ExtensibilityGlobals) = postSolution
		SolutionGuid = {73D5C1EA-2A60-4AC3-981B-95B249FDCEC7}
	EndGlobalSection
EndGlobal
