
Microsoft Visual Studio Solution File, Format Version 12.00
# Visual Studio Version 16
VisualStudioVersion = 16.0.30804.86
MinimumVisualStudioVersion = 10.0.40219.1
Project("{8BC9CEB8-8B4A-11D0-8D11-00A0C91BC942}") = "2.找出出现异或的那个数", "2.找出出现异或的那个数.vcxproj", "{16193800-DD1E-4F8F-A8CF-39E4BD39081F}"
EndProject
Global
	GlobalSection(SolutionConfigurationPlatforms) = preSolution
		Debug|x64 = Debug|x64
		Debug|x86 = Debug|x86
		Release|x64 = Release|x64
		Release|x86 = Release|x86
	EndGlobalSection
	GlobalSection(ProjectConfigurationPlatforms) = postSolution
		{16193800-DD1E-4F8F-A8CF-39E4BD39081F}.Debug|x64.ActiveCfg = Debug|x64
		{16193800-DD1E-4F8F-A8CF-39E4BD39081F}.Debug|x64.Build.0 = Debug|x64
		{16193800-DD1E-4F8F-A8CF-39E4BD39081F}.Debug|x86.ActiveCfg = Debug|Win32
		{16193800-DD1E-4F8F-A8CF-39E4BD39081F}.Debug|x86.Build.0 = Debug|Win32
		{16193800-DD1E-4F8F-A8CF-39E4BD39081F}.Release|x64.ActiveCfg = Release|x64
		{16193800-DD1E-4F8F-A8CF-39E4BD39081F}.Release|x64.Build.0 = Release|x64
		{16193800-DD1E-4F8F-A8CF-39E4BD39081F}.Release|x86.ActiveCfg = Release|Win32
		{16193800-DD1E-4F8F-A8CF-39E4BD39081F}.Release|x86.Build.0 = Release|Win32
	EndGlobalSection
	GlobalSection(SolutionProperties) = preSolution
		HideSolutionNode = FALSE
	EndGlobalSection
	GlobalSection(ExtensibilityGlobals) = postSolution
		SolutionGuid = {27647087-1BFD-4EAC-8FDD-2E2971244C29}
	EndGlobalSection
EndGlobal
