
Microsoft Visual Studio Solution File, Format Version 12.00
# Visual Studio Version 16
VisualStudioVersion = 16.0.30804.86
MinimumVisualStudioVersion = 10.0.40219.1
Project("{8BC9CEB8-8B4A-11D0-8D11-00A0C91BC942}") = "10scanf多种类型混合输入", "10scanf多种类型混合输入.vcxproj", "{B0A07512-6F07-41EC-BA66-7038B7DFF64B}"
EndProject
Global
	GlobalSection(SolutionConfigurationPlatforms) = preSolution
		Debug|x64 = Debug|x64
		Debug|x86 = Debug|x86
		Release|x64 = Release|x64
		Release|x86 = Release|x86
	EndGlobalSection
	GlobalSection(ProjectConfigurationPlatforms) = postSolution
		{B0A07512-6F07-41EC-BA66-7038B7DFF64B}.Debug|x64.ActiveCfg = Debug|x64
		{B0A07512-6F07-41EC-BA66-7038B7DFF64B}.Debug|x64.Build.0 = Debug|x64
		{B0A07512-6F07-41EC-BA66-7038B7DFF64B}.Debug|x86.ActiveCfg = Debug|Win32
		{B0A07512-6F07-41EC-BA66-7038B7DFF64B}.Debug|x86.Build.0 = Debug|Win32
		{B0A07512-6F07-41EC-BA66-7038B7DFF64B}.Release|x64.ActiveCfg = Release|x64
		{B0A07512-6F07-41EC-BA66-7038B7DFF64B}.Release|x64.Build.0 = Release|x64
		{B0A07512-6F07-41EC-BA66-7038B7DFF64B}.Release|x86.ActiveCfg = Release|Win32
		{B0A07512-6F07-41EC-BA66-7038B7DFF64B}.Release|x86.Build.0 = Release|Win32
	EndGlobalSection
	GlobalSection(SolutionProperties) = preSolution
		HideSolutionNode = FALSE
	EndGlobalSection
	GlobalSection(ExtensibilityGlobals) = postSolution
		SolutionGuid = {5256FC8A-4F25-489D-8D92-27344BEA6F33}
	EndGlobalSection
EndGlobal
