
Microsoft Visual Studio Solution File, Format Version 12.00
# Visual Studio Version 16
VisualStudioVersion = 16.0.30804.86
MinimumVisualStudioVersion = 10.0.40219.1
Project("{8BC9CEB8-8B4A-11D0-8D11-00A0C91BC942}") = "7goto无条件转移语句", "7goto无条件转移语句.vcxproj", "{779700A4-037B-4A11-9FAA-A22838856321}"
EndProject
Global
	GlobalSection(SolutionConfigurationPlatforms) = preSolution
		Debug|x64 = Debug|x64
		Debug|x86 = Debug|x86
		Release|x64 = Release|x64
		Release|x86 = Release|x86
	EndGlobalSection
	GlobalSection(ProjectConfigurationPlatforms) = postSolution
		{779700A4-037B-4A11-9FAA-A22838856321}.Debug|x64.ActiveCfg = Debug|x64
		{779700A4-037B-4A11-9FAA-A22838856321}.Debug|x64.Build.0 = Debug|x64
		{779700A4-037B-4A11-9FAA-A22838856321}.Debug|x86.ActiveCfg = Debug|Win32
		{779700A4-037B-4A11-9FAA-A22838856321}.Debug|x86.Build.0 = Debug|Win32
		{779700A4-037B-4A11-9FAA-A22838856321}.Release|x64.ActiveCfg = Release|x64
		{779700A4-037B-4A11-9FAA-A22838856321}.Release|x64.Build.0 = Release|x64
		{779700A4-037B-4A11-9FAA-A22838856321}.Release|x86.ActiveCfg = Release|Win32
		{779700A4-037B-4A11-9FAA-A22838856321}.Release|x86.Build.0 = Release|Win32
	EndGlobalSection
	GlobalSection(SolutionProperties) = preSolution
		HideSolutionNode = FALSE
	EndGlobalSection
	GlobalSection(ExtensibilityGlobals) = postSolution
		SolutionGuid = {D11D4C26-6B99-4173-B69F-E441D194CBC1}
	EndGlobalSection
EndGlobal
